// !$*UTF8*$!
{
	archiveVersion = 1;
	classes = {
	};
	objectVersion = 46;
	objects = {

/* Begin PBXBuildFile section */
		60748EFA1B1ADD0A00D42E10 /* Foundation.framework in Frameworks */ = {isa = PBXBuildFile; fileRef = 60748EF91B1ADD0A00D42E10 /* Foundation.framework */; };
		60748EFC1B1ADD0A00D42E10 /* CoreGraphics.framework in Frameworks */ = {isa = PBXBuildFile; fileRef = 60748EFB1B1ADD0A00D42E10 /* CoreGraphics.framework */; };
		60748EFE1B1ADD0A00D42E10 /* UIKit.framework in Frameworks */ = {isa = PBXBuildFile; fileRef = 60748EFD1B1ADD0A00D42E10 /* UIKit.framework */; };
		60748F041B1ADD0A00D42E10 /* InfoPlist.strings in Resources */ = {isa = PBXBuildFile; fileRef = 60748F021B1ADD0A00D42E10 /* InfoPlist.strings */; };
		60748F061B1ADD0A00D42E10 /* main.m in Sources */ = {isa = PBXBuildFile; fileRef = 60748F051B1ADD0A00D42E10 /* main.m */; };
		60748F0A1B1ADD0A00D42E10 /* YBQAppDelegate.m in Sources */ = {isa = PBXBuildFile; fileRef = 60748F091B1ADD0A00D42E10 /* YBQAppDelegate.m */; };
		60748F0D1B1ADD0A00D42E10 /* Main.storyboard in Resources */ = {isa = PBXBuildFile; fileRef = 60748F0B1B1ADD0A00D42E10 /* Main.storyboard */; };
		60748F101B1ADD0A00D42E10 /* YBQViewController.m in Sources */ = {isa = PBXBuildFile; fileRef = 60748F0F1B1ADD0A00D42E10 /* YBQViewController.m */; };
		60748F121B1ADD0A00D42E10 /* Images.xcassets in Resources */ = {isa = PBXBuildFile; fileRef = 60748F111B1ADD0A00D42E10 /* Images.xcassets */; };
		60748F191B1ADD0A00D42E10 /* XCTest.framework in Frameworks */ = {isa = PBXBuildFile; fileRef = 60748F181B1ADD0A00D42E10 /* XCTest.framework */; };
		60748F1A1B1ADD0A00D42E10 /* Foundation.framework in Frameworks */ = {isa = PBXBuildFile; fileRef = 60748EF91B1ADD0A00D42E10 /* Foundation.framework */; };
		60748F1B1B1ADD0A00D42E10 /* UIKit.framework in Frameworks */ = {isa = PBXBuildFile; fileRef = 60748EFD1B1ADD0A00D42E10 /* UIKit.framework */; };
		60748F231B1ADD0A00D42E10 /* InfoPlist.strings in Resources */ = {isa = PBXBuildFile; fileRef = 60748F211B1ADD0A00D42E10 /* InfoPlist.strings */; };
		60748F251B1ADD0A00D42E10 /* _1_____Tests.m in Sources */ = {isa = PBXBuildFile; fileRef = 60748F241B1ADD0A00D42E10 /* _1_____Tests.m */; };
		60748F301B1AE40200D42E10 /* BQLockView.m in Sources */ = {isa = PBXBuildFile; fileRef = 60748F2F1B1AE40200D42E10 /* BQLockView.m */; };
/* End PBXBuildFile section */

/* Begin PBXContainerItemProxy section */
		60748F1C1B1ADD0A00D42E10 /* PBXContainerItemProxy */ = {
			isa = PBXContainerItemProxy;
			containerPortal = 60748EEE1B1ADD0A00D42E10 /* Project object */;
			proxyType = 1;
			remoteGlobalIDString = 60748EF51B1ADD0A00D42E10;
			remoteInfo = "01-手势解锁";
		};
/* End PBXContainerItemProxy section */

/* Begin PBXFileReference section */
		60748EF61B1ADD0A00D42E10 /* 01-手势解锁.app */ = {isa = PBXFileReference; explicitFileType = wrapper.application; includeInIndex = 0; path = "01-手势解锁.app"; sourceTree = BUILT_PRODUCTS_DIR; };
		60748EF91B1ADD0A00D42E10 /* Foundation.framework */ = {isa = PBXFileReference; lastKnownFileType = wrapper.framework; name = Foundation.framework; path = System/Library/Frameworks/Foundation.framework; sourceTree = SDKROOT; };
		60748EFB1B1ADD0A00D42E10 /* CoreGraphics.framework */ = {isa = PBXFileReference; lastKnownFileType = wrapper.framework; name = CoreGraphics.framework; path = System/Library/Frameworks/CoreGraphics.framework; sourceTree = SDKROOT; };
		60748EFD1B1ADD0A00D42E10 /* UIKit.framework */ = {isa = PBXFileReference; lastKnownFileType = wrapper.framework; name = UIKit.framework; path = System/Library/Frameworks/UIKit.framework; sourceTree = SDKROOT; };
		60748F011B1ADD0A00D42E10 /* 01-手势解锁-Info.plist */ = {isa = PBXFileReference; lastKnownFileType = text.plist.xml; path = "01-手势解锁-Info.plist"; sourceTree = "<group>"; };
		60748F031B1ADD0A00D42E10 /* en */ = {isa = PBXFileReference; lastKnownFileType = text.plist.strings; name = en; path = en.lproj/InfoPlist.strings; sourceTree = "<group>"; };
		60748F051B1ADD0A00D42E10 /* main.m */ = {isa = PBXFileReference; lastKnownFileType = sourcecode.c.objc; path = main.m; sourceTree = "<group>"; };
		60748F071B1ADD0A00D42E10 /* 01-手势解锁-Prefix.pch */ = {isa = PBXFileReference; lastKnownFileType = sourcecode.c.h; path = "01-手势解锁-Prefix.pch"; sourceTree = "<group>"; };
		60748F081B1ADD0A00D42E10 /* YBQAppDelegate.h */ = {isa = PBXFileReference; lastKnownFileType = sourcecode.c.h; path = YBQAppDelegate.h; sourceTree = "<group>"; };
		60748F091B1ADD0A00D42E10 /* YBQAppDelegate.m */ = {isa = PBXFileReference; lastKnownFileType = sourcecode.c.objc; path = YBQAppDelegate.m; sourceTree = "<group>"; };
		60748F0C1B1ADD0A00D42E10 /* Base */ = {isa = PBXFileReference; lastKnownFileType = file.storyboard; name = Base; path = Base.lproj/Main.storyboard; sourceTree = "<group>"; };
		60748F0E1B1ADD0A00D42E10 /* YBQViewController.h */ = {isa = PBXFileReference; lastKnownFileType = sourcecode.c.h; path = YBQViewController.h; sourceTree = "<group>"; };
		60748F0F1B1ADD0A00D42E10 /* YBQViewController.m */ = {isa = PBXFileReference; lastKnownFileType = sourcecode.c.objc; path = YBQViewController.m; sourceTree = "<group>"; };
		60748F111B1ADD0A00D42E10 /* Images.xcassets */ = {isa = PBXFileReference; lastKnownFileType = folder.assetcatalog; path = Images.xcassets; sourceTree = "<group>"; };
		60748F171B1ADD0A00D42E10 /* 01-手势解锁Tests.xctest */ = {isa = PBXFileReference; explicitFileType = wrapper.cfbundle; includeInIndex = 0; path = "01-手势解锁Tests.xctest"; sourceTree = BUILT_PRODUCTS_DIR; };
		60748F181B1ADD0A00D42E10 /* XCTest.framework */ = {isa = PBXFileReference; lastKnownFileType = wrapper.framework; name = XCTest.framework; path = Library/Frameworks/XCTest.framework; sourceTree = DEVELOPER_DIR; };
		60748F201B1ADD0A00D42E10 /* 01-手势解锁Tests-Info.plist */ = {isa = PBXFileReference; lastKnownFileType = text.plist.xml; path = "01-手势解锁Tests-Info.plist"; sourceTree = "<group>"; };
		60748F221B1ADD0A00D42E10 /* en */ = {isa = PBXFileReference; lastKnownFileType = text.plist.strings; name = en; path = en.lproj/InfoPlist.strings; sourceTree = "<group>"; };
		60748F241B1ADD0A00D42E10 /* _1_____Tests.m */ = {isa = PBXFileReference; lastKnownFileType = sourcecode.c.objc; path = "_1_____Tests.m"; sourceTree = "<group>"; };
		60748F2E1B1AE40200D42E10 /* BQLockView.h */ = {isa = PBXFileReference; fileEncoding = 4; lastKnownFileType = sourcecode.c.h; path = BQLockView.h; sourceTree = "<group>"; };
		60748F2F1B1AE40200D42E10 /* BQLockView.m */ = {isa = PBXFileReference; fileEncoding = 4; lastKnownFileType = sourcecode.c.objc; path = BQLockView.m; sourceTree = "<group>"; };
/* End PBXFileReference section */

/* Begin PBXFrameworksBuildPhase section */
		60748EF31B1ADD0A00D42E10 /* Frameworks */ = {
			isa = PBXFrameworksBuildPhase;
			buildActionMask = 2147483647;
			files = (
				60748EFC1B1ADD0A00D42E10 /* CoreGraphics.framework in Frameworks */,
				60748EFE1B1ADD0A00D42E10 /* UIKit.framework in Frameworks */,
				60748EFA1B1ADD0A00D42E10 /* Foundation.framework in Frameworks */,
			);
			runOnlyForDeploymentPostprocessing = 0;
		};
		60748F141B1ADD0A00D42E10 /* Frameworks */ = {
			isa = PBXFrameworksBuildPhase;
			buildActionMask = 2147483647;
			files = (
				60748F191B1ADD0A00D42E10 /* XCTest.framework in Frameworks */,
				60748F1B1B1ADD0A00D42E10 /* UIKit.framework in Frameworks */,
				60748F1A1B1ADD0A00D42E10 /* Foundation.framework in Frameworks */,
			);
			runOnlyForDeploymentPostprocessing = 0;
		};
/* End PBXFrameworksBuildPhase section */

/* Begin PBXGroup section */
		60748EED1B1ADD0A00D42E10 = {
			isa = PBXGroup;
			children = (
				60748EFF1B1ADD0A00D42E10 /* 01-手势解锁 */,
				60748F1E1B1ADD0A00D42E10 /* 01-手势解锁Tests */,
				60748EF81B1ADD0A00D42E10 /* Frameworks */,
				60748EF71B1ADD0A00D42E10 /* Products */,
			);
			sourceTree = "<group>";
		};
		60748EF71B1ADD0A00D42E10 /* Products */ = {
			isa = PBXGroup;
			children = (
				60748EF61B1ADD0A00D42E10 /* 01-手势解锁.app */,
				60748F171B1ADD0A00D42E10 /* 01-手势解锁Tests.xctest */,
			);
			name = Products;
			sourceTree = "<group>";
		};
		60748EF81B1ADD0A00D42E10 /* Frameworks */ = {
			isa = PBXGroup;
			children = (
				60748EF91B1ADD0A00D42E10 /* Foundation.framework */,
				60748EFB1B1ADD0A00D42E10 /* CoreGraphics.framework */,
				60748EFD1B1ADD0A00D42E10 /* UIKit.framework */,
				60748F181B1ADD0A00D42E10 /* XCTest.framework */,
			);
			name = Frameworks;
			sourceTree = "<group>";
		};
		60748EFF1B1ADD0A00D42E10 /* 01-手势解锁 */ = {
			isa = PBXGroup;
			children = (
				60748F081B1ADD0A00D42E10 /* YBQAppDelegate.h */,
				60748F091B1ADD0A00D42E10 /* YBQAppDelegate.m */,
				60748F0B1B1ADD0A00D42E10 /* Main.storyboard */,
				60748F0E1B1ADD0A00D42E10 /* YBQViewController.h */,
				60748F0F1B1ADD0A00D42E10 /* YBQViewController.m */,
				60748F2E1B1AE40200D42E10 /* BQLockView.h */,
				60748F2F1B1AE40200D42E10 /* BQLockView.m */,
				60748F111B1ADD0A00D42E10 /* Images.xcassets */,
				60748F001B1ADD0A00D42E10 /* Supporting Files */,
			);
			path = "01-手势解锁";
			sourceTree = "<group>";
		};
		60748F001B1ADD0A00D42E10 /* Supporting Files */ = {
			isa = PBXGroup;
			children = (
				60748F011B1ADD0A00D42E10 /* 01-手势解锁-Info.plist */,
				60748F021B1ADD0A00D42E10 /* InfoPlist.strings */,
				60748F051B1ADD0A00D42E10 /* main.m */,
				60748F071B1ADD0A00D42E10 /* 01-手势解锁-Prefix.pch */,
			);
			name = "Supporting Files";
			sourceTree = "<group>";
		};
		60748F1E1B1ADD0A00D42E10 /* 01-手势解锁Tests */ = {
			isa = PBXGroup;
			children = (
				60748F241B1ADD0A00D42E10 /* _1_____Tests.m */,
				60748F1F1B1ADD0A00D42E10 /* Supporting Files */,
			);
			path = "01-手势解锁Tests";
			sourceTree = "<group>";
		};
		60748F1F1B1ADD0A00D42E10 /* Supporting Files */ = {
			isa = PBXGroup;
			children = (
				60748F201B1ADD0A00D42E10 /* 01-手势解锁Tests-Info.plist */,
				60748F211B1ADD0A00D42E10 /* InfoPlist.strings */,
			);
			name = "Supporting Files";
			sourceTree = "<group>";
		};
/* End PBXGroup section */

/* Begin PBXNativeTarget section */
		60748EF51B1ADD0A00D42E10 /* 01-手势解锁 */ = {
			isa = PBXNativeTarget;
			buildConfigurationList = 60748F281B1ADD0A00D42E10 /* Build configuration list for PBXNativeTarget "01-手势解锁" */;
			buildPhases = (
				60748EF21B1ADD0A00D42E10 /* Sources */,
				60748EF31B1ADD0A00D42E10 /* Frameworks */,
				60748EF41B1ADD0A00D42E10 /* Resources */,
			);
			buildRules = (
			);
			dependencies = (
			);
			name = "01-手势解锁";
			productName = "01-手势解锁";
			productReference = 60748EF61B1ADD0A00D42E10 /* 01-手势解锁.app */;
			productType = "com.apple.product-type.application";
		};
		60748F161B1ADD0A00D42E10 /* 01-手势解锁Tests */ = {
			isa = PBXNativeTarget;
			buildConfigurationList = 60748F2B1B1ADD0A00D42E10 /* Build configuration list for PBXNativeTarget "01-手势解锁Tests" */;
			buildPhases = (
				60748F131B1ADD0A00D42E10 /* Sources */,
				60748F141B1ADD0A00D42E10 /* Frameworks */,
				60748F151B1ADD0A00D42E10 /* Resources */,
			);
			buildRules = (
			);
			dependencies = (
				60748F1D1B1ADD0A00D42E10 /* PBXTargetDependency */,
			);
			name = "01-手势解锁Tests";
			productName = "01-手势解锁Tests";
			productReference = 60748F171B1ADD0A00D42E10 /* 01-手势解锁Tests.xctest */;
			productType = "com.apple.product-type.bundle.unit-test";
		};
/* End PBXNativeTarget section */

/* Begin PBXProject section */
		60748EEE1B1ADD0A00D42E10 /* Project object */ = {
			isa = PBXProject;
			attributes = {
				CLASSPREFIX = YBQ;
				LastUpgradeCheck = 0510;
				ORGANIZATIONNAME = "___FULLUSERNAME___";
				TargetAttributes = {
					60748F161B1ADD0A00D42E10 = {
						TestTargetID = 60748EF51B1ADD0A00D42E10;
					};
				};
			};
			buildConfigurationList = 60748EF11B1ADD0A00D42E10 /* Build configuration list for PBXProject "01-手势解锁" */;
			compatibilityVersion = "Xcode 3.2";
			developmentRegion = English;
			hasScannedForEncodings = 0;
			knownRegions = (
				en,
				Base,
			);
			mainGroup = 60748EED1B1ADD0A00D42E10;
			productRefGroup = 60748EF71B1ADD0A00D42E10 /* Products */;
			projectDirPath = "";
			projectRoot = "";
			targets = (
				60748EF51B1ADD0A00D42E10 /* 01-手势解锁 */,
				60748F161B1ADD0A00D42E10 /* 01-手势解锁Tests */,
			);
		};
/* End PBXProject section */

/* Begin PBXResourcesBuildPhase section */
		60748EF41B1ADD0A00D42E10 /* Resources */ = {
			isa = PBXResourcesBuildPhase;
			buildActionMask = 2147483647;
			files = (
				60748F121B1ADD0A00D42E10 /* Images.xcassets in Resources */,
				60748F041B1ADD0A00D42E10 /* InfoPlist.strings in Resources */,
				60748F0D1B1ADD0A00D42E10 /* Main.storyboard in Resources */,
			);
			runOnlyForDeploymentPostprocessing = 0;
		};
		60748F151B1ADD0A00D42E10 /* Resources */ = {
			isa = PBXResourcesBuildPhase;
			buildActionMask = 2147483647;
			files = (
				60748F231B1ADD0A00D42E10 /* InfoPlist.strings in Resources */,
			);
			runOnlyForDeploymentPostprocessing = 0;
		};
/* End PBXResourcesBuildPhase section */

/* Begin PBXSourcesBuildPhase section */
		60748EF21B1ADD0A00D42E10 /* Sources */ = {
			isa = PBXSourcesBuildPhase;
			buildActionMask = 2147483647;
			files = (
				60748F061B1ADD0A00D42E10 /* main.m in Sources */,
				60748F101B1ADD0A00D42E10 /* YBQViewController.m in Sources */,
				60748F301B1AE40200D42E10 /* BQLockView.m in Sources */,
				60748F0A1B1ADD0A00D42E10 /* YBQAppDelegate.m in Sources */,
			);
			runOnlyForDeploymentPostprocessing = 0;
		};
		60748F131B1ADD0A00D42E10 /* Sources */ = {
			isa = PBXSourcesBuildPhase;
			buildActionMask = 2147483647;
			files = (
				60748F251B1ADD0A00D42E10 /* _1_____Tests.m in Sources */,
			);
			runOnlyForDeploymentPostprocessing = 0;
		};
/* End PBXSourcesBuildPhase section */

/* Begin PBXTargetDependency section */
		60748F1D1B1ADD0A00D42E10 /* PBXTargetDependency */ = {
			isa = PBXTargetDependency;
			target = 60748EF51B1ADD0A00D42E10 /* 01-手势解锁 */;
			targetProxy = 60748F1C1B1ADD0A00D42E10 /* PBXContainerItemProxy */;
		};
/* End PBXTargetDependency section */

/* Begin PBXVariantGroup section */
		60748F021B1ADD0A00D42E10 /* InfoPlist.strings */ = {
			isa = PBXVariantGroup;
			children = (
				60748F031B1ADD0A00D42E10 /* en */,
			);
			name = InfoPlist.strings;
			sourceTree = "<group>";
		};
		60748F0B1B1ADD0A00D42E10 /* Main.storyboard */ = {
			isa = PBXVariantGroup;
			children = (
				60748F0C1B1ADD0A00D42E10 /* Base */,
			);
			name = Main.storyboard;
			sourceTree = "<group>";
		};
		60748F211B1ADD0A00D42E10 /* InfoPlist.strings */ = {
			isa = PBXVariantGroup;
			children = (
				60748F221B1ADD0A00D42E10 /* en */,
			);
			name = InfoPlist.strings;
			sourceTree = "<group>";
		};
/* End PBXVariantGroup section */

/* Begin XCBuildConfiguration section */
		60748F261B1ADD0A00D42E10 /* Debug */ = {
			isa = XCBuildConfiguration;
			buildSettings = {
				ALWAYS_SEARCH_USER_PATHS = NO;
				CLANG_CXX_LANGUAGE_STANDARD = "gnu++0x";
				CLANG_CXX_LIBRARY = "libc++";
				CLANG_ENABLE_MODULES = YES;
				CLANG_ENABLE_OBJC_ARC = YES;
				CLANG_WARN_BOOL_CONVERSION = YES;
				CLANG_WARN_CONSTANT_CONVERSION = YES;
				CLANG_WARN_DIRECT_OBJC_ISA_USAGE = YES_ERROR;
				CLANG_WARN_EMPTY_BODY = YES;
				CLANG_WARN_ENUM_CONVERSION = YES;
				CLANG_WARN_INT_CONVERSION = YES;
				CLANG_WARN_OBJC_ROOT_CLASS = YES_ERROR;
				CLANG_WARN__DUPLICATE_METHOD_MATCH = YES;
				"CODE_SIGN_IDENTITY[sdk=iphoneos*]" = "iPhone Developer";
				COPY_PHASE_STRIP = NO;
				GCC_C_LANGUAGE_STANDARD = gnu99;
				GCC_DYNAMIC_NO_PIC = NO;
				GCC_OPTIMIZATION_LEVEL = 0;
				GCC_PREPROCESSOR_DEFINITIONS = (
					"DEBUG=1",
					"$(inherited)",
				);
				GCC_SYMBOLS_PRIVATE_EXTERN = NO;
				GCC_WARN_64_TO_32_BIT_CONVERSION = YES;
				GCC_WARN_ABOUT_RETURN_TYPE = YES_ERROR;
				GCC_WARN_UNDECLARED_SELECTOR = YES;
				GCC_WARN_UNINITIALIZED_AUTOS = YES_AGGRESSIVE;
				GCC_WARN_UNUSED_FUNCTION = YES;
				GCC_WARN_UNUSED_VARIABLE = YES;
				IPHONEOS_DEPLOYMENT_TARGET = 7.1;
				ONLY_ACTIVE_ARCH = YES;
				SDKROOT = iphoneos;
			};
			name = Debug;
		};
		60748F271B1ADD0A00D42E10 /* Release */ = {
			isa = XCBuildConfiguration;
			buildSettings = {
				ALWAYS_SEARCH_USER_PATHS = NO;
				CLANG_CXX_LANGUAGE_STANDARD = "gnu++0x";
				CLANG_CXX_LIBRARY = "libc++";
				CLANG_ENABLE_MODULES = YES;
				CLANG_ENABLE_OBJC_ARC = YES;
				CLANG_WARN_BOOL_CONVERSION = YES;
				CLANG_WARN_CONSTANT_CONVERSION = YES;
				CLANG_WARN_DIRECT_OBJC_ISA_USAGE = YES_ERROR;
				CLANG_WARN_EMPTY_BODY = YES;
				CLANG_WARN_ENUM_CONVERSION = YES;
				CLANG_WARN_INT_CONVERSION = YES;
				CLANG_WARN_OBJC_ROOT_CLASS = YES_ERROR;
				CLANG_WARN__DUPLICATE_METHOD_MATCH = YES;
				"CODE_SIGN_IDENTITY[sdk=iphoneos*]" = "iPhone Developer";
				COPY_PHASE_STRIP = YES;
				ENABLE_NS_ASSERTIONS = NO;
				GCC_C_LANGUAGE_STANDARD = gnu99;
				GCC_WARN_64_TO_32_BIT_CONVERSION = YES;
				GCC_WARN_ABOUT_RETURN_TYPE = YES_ERROR;
				GCC_WARN_UNDECLARED_SELECTOR = YES;
				GCC_WARN_UNINITIALIZED_AUTOS = YES_AGGRESSIVE;
				GCC_WARN_UNUSED_FUNCTION = YES;
				GCC_WARN_UNUSED_VARIABLE = YES;
				IPHONEOS_DEPLOYMENT_TARGET = 7.1;
				SDKROOT = iphoneos;
				VALIDATE_PRODUCT = YES;
			};
			name = Release;
		};
		60748F291B1ADD0A00D42E10 /* Debug */ = {
			isa = XCBuildConfiguration;
			buildSettings = {
				ASSETCATALOG_COMPILER_APPICON_NAME = AppIcon;
				ASSETCATALOG_COMPILER_LAUNCHIMAGE_NAME = LaunchImage;
				GCC_PRECOMPILE_PREFIX_HEADER = YES;
				GCC_PREFIX_HEADER = "01-手势解锁/01-手势解锁-Prefix.pch";
				INFOPLIST_FILE = "01-手势解锁/01-手势解锁-Info.plist";
				PRODUCT_NAME = "$(TARGET_NAME)";
				WRAPPER_EXTENSION = app;
			};
			name = Debug;
		};
		60748F2A1B1ADD0A00D42E10 /* Release */ = {
			isa = XCBuildConfiguration;
			buildSettings = {
				ASSETCATALOG_COMPILER_APPICON_NAME = AppIcon;
				ASSETCATALOG_COMPILER_LAUNCHIMAGE_NAME = LaunchImage;
				GCC_PRECOMPILE_PREFIX_HEADER = YES;
				GCC_PREFIX_HEADER = "01-手势解锁/01-手势解锁-Prefix.pch";
				INFOPLIST_FILE = "01-手势解锁/01-手势解锁-Info.plist";
				PRODUCT_NAME = "$(TARGET_NAME)";
				WRAPPER_EXTENSION = app;
			};
			name = Release;
		};
		60748F2C1B1ADD0A00D42E10 /* Debug */ = {
			isa = XCBuildConfiguration;
			buildSettings = {
				BUNDLE_LOADER = "$(BUILT_PRODUCTS_DIR)/01-手势解锁.app/01-手势解锁";
				FRAMEWORK_SEARCH_PATHS = (
					"$(SDKROOT)/Developer/Library/Frameworks",
					"$(inherited)",
					"$(DEVELOPER_FRAMEWORKS_DIR)",
				);
				GCC_PRECOMPILE_PREFIX_HEADER = YES;
				GCC_PREFIX_HEADER = "01-手势解锁/01-手势解锁-Prefix.pch";
				GCC_PREPROCESSOR_DEFINITIONS = (
					"DEBUG=1",
					"$(inherited)",
				);
				INFOPLIST_FILE = "01-手势解锁Tests/01-手势解锁Tests-Info.plist";
				PRODUCT_NAME = "$(TARGET_NAME)";
				TEST_HOST = "$(BUNDLE_LOADER)";
				WRAPPER_EXTENSION = xctest;
			};
			name = Debug;
		};
		60748F2D1B1ADD0A00D42E10 /* Release */ = {
			isa = XCBuildConfiguration;
			buildSettings = {
				BUNDLE_LOADER = "$(BUILT_PRODUCTS_DIR)/01-手势解锁.app/01-手势解锁";
				FRAMEWORK_SEARCH_PATHS = (
					"$(SDKROOT)/Developer/Library/Frameworks",
					"$(inherited)",
					"$(DEVELOPER_FRAMEWORKS_DIR)",
				);
				GCC_PRECOMPILE_PREFIX_HEADER = YES;
				GCC_PREFIX_HEADER = "01-手势解锁/01-手势解锁-Prefix.pch";
				INFOPLIST_FILE = "01-手势解锁Tests/01-手势解锁Tests-Info.plist";
				PRODUCT_NAME = "$(TARGET_NAME)";
				TEST_HOST = "$(BUNDLE_LOADER)";
				WRAPPER_EXTENSION = xctest;
			};
			name = Release;
		};
/* End XCBuildConfiguration section */

/* Begin XCConfigurationList section */
		60748EF11B1ADD0A00D42E10 /* Build configuration list for PBXProject "01-手势解锁" */ = {
			isa = XCConfigurationList;
			buildConfigurations = (
				60748F261B1ADD0A00D42E10 /* Debug */,
				60748F271B1ADD0A00D42E10 /* Release */,
			);
			defaultConfigurationIsVisible = 0;
			defaultConfigurationName = Release;
		};
		60748F281B1ADD0A00D42E10 /* Build configuration list for PBXNativeTarget "01-手势解锁" */ = {
			isa = XCConfigurationList;
			buildConfigurations = (
				60748F291B1ADD0A00D42E10 /* Debug */,
				60748F2A1B1ADD0A00D42E10 /* Release */,
			);
			defaultConfigurationIsVisible = 0;
		};
		60748F2B1B1ADD0A00D42E10 /* Build configuration list for PBXNativeTarget "01-手势解锁Tests" */ = {
			isa = XCConfigurationList;
			buildConfigurations = (
				60748F2C1B1ADD0A00D42E10 /* Debug */,
				60748F2D1B1ADD0A00D42E10 /* Release */,
			);
			defaultConfigurationIsVisible = 0;
		};
/* End XCConfigurationList section */
	};
	rootObject = 60748EEE1B1ADD0A00D42E10 /* Project object */;
}
